PODS:
  - Differentiator (5.0.0)
  - DittoObjC (1.1.5)
  - DittoSwift (1.1.5):
    - DittoObjC (= 1.1.5)
  - Fakery (5.1.0)
  - RxCocoa (6.5.0):
    - RxRelay (= 6.5.0)
    - RxSwift (= 6.5.0)
  - RxDataSources (5.0.0):
    - Differentiator (~> 5.0)
    - RxCocoa (~> 6.0)
    - RxSwift (~> 6.0)
  - RxRelay (6.5.0):
    - RxSwift (= 6.5.0)
  - RxSwift (6.5.0)
  - RxSwiftDitto (1.0.1):
    - DittoSwift (~> 1.0)
    - RxSwift (~> 6.0)

DEPENDENCIES:
  - DittoSwift (= 1.1.5)
  - Fakery (= 5.1.0)
  - RxCocoa (~> 6.5.0)
  - RxDataSources (~> 5.0.0)
  - RxSwiftDitto (from `../`)

SPEC REPOS:
  trunk:
    - Differentiator
    - DittoObjC
    - DittoSwift
    - Fakery
    - RxCocoa
    - RxDataSources
    - RxRelay
    - RxSwift

EXTERNAL SOURCES:
  RxSwiftDitto:
    :path: "../"

SPEC CHECKSUMS:
  Differentiator: e8497ceab83c1b10ca233716d547b9af21b9344d
  DittoObjC: a86202b321a4e49953d36ba554e8c66f5c56a3b3
  DittoSwift: 40ce7f009d961f05815060b5f701ecb99d15e3be
  Fakery: a90caff00ca5cacde6c161c3eafc72314a03d34d
  RxCocoa: 94f817b71c07517321eb4f9ad299112ca8af743b
  RxDataSources: aa47cc1ed6c500fa0dfecac5c979b723542d79cf
  RxRelay: 1de1523e604c72b6c68feadedd1af3b1b4d0ecbd
  RxSwift: 5710a9e6b17f3c3d6e40d6e559b9fa1e813b2ef8
  RxSwiftDitto: 7ae6be3dcc4975c41422c91fdc2b4bf73b4b248f

PODFILE CHECKSUM: cc38719dd99cf4d1da0116cf078a75a92d7b4cbc

COCOAPODS: 1.11.2
